
Microsoft Visual Studio Solution File, Format Version 12.00
# Visual Studio 15
VisualStudioVersion = 15.0.34320.172
MinimumVisualStudioVersion = 10.0.40219.1
Project("{FAE04EC0-301F-11D3-BF4B-00C04F79EFBC}") = "Lab19", "Lab19\Lab19.csproj", "{758B40D2-E673-48A2-923C-10B38B77BE60}"
EndProject
Global
	GlobalSection(SolutionConfigurationPlatforms) = preSolution
		Debug|Any CPU = Debug|Any CPU
		Release|Any CPU = Release|Any CPU
	EndGlobalSection
	GlobalSection(ProjectConfigurationPlatforms) = postSolution
		{758B40D2-E673-48A2-923C-10B38B77BE60}.Debug|Any CPU.ActiveCfg = Debug|Any CPU
		{758B40D2-E673-48A2-923C-10B38B77BE60}.Debug|Any CPU.Build.0 = Debug|Any CPU
		{758B40D2-E673-48A2-923C-10B38B77BE60}.Release|Any CPU.ActiveCfg = Release|Any CPU
		{758B40D2-E673-48A2-923C-10B38B77BE60}.Release|Any CPU.Build.0 = Release|Any CPU
	EndGlobalSection
	GlobalSection(SolutionProperties) = preSolution
		HideSolutionNode = FALSE
	EndGlobalSection
	GlobalSection(ExtensibilityGlobals) = postSolution
		SolutionGuid = {6CA4B458-1663-43AA-B8D0-9FBBEDC16241}
	EndGlobalSection
EndGlobal
