
Microsoft Visual Studio Solution File, Format Version 12.00
# Visual Studio 15
VisualStudioVersion = 15.0.34320.172
MinimumVisualStudioVersion = 10.0.40219.1
Project("{FAE04EC0-301F-11D3-BF4B-00C04F79EFBC}") = "Lab29", "Lab29\Lab29.csproj", "{C8B4CF45-4503-42DC-A15A-97D8CB675F5D}"
EndProject
Global
	GlobalSection(SolutionConfigurationPlatforms) = preSolution
		Debug|Any CPU = Debug|Any CPU
		Release|Any CPU = Release|Any CPU
	EndGlobalSection
	GlobalSection(ProjectConfigurationPlatforms) = postSolution
		{C8B4CF45-4503-42DC-A15A-97D8CB675F5D}.Debug|Any CPU.ActiveCfg = Debug|Any CPU
		{C8B4CF45-4503-42DC-A15A-97D8CB675F5D}.Debug|Any CPU.Build.0 = Debug|Any CPU
		{C8B4CF45-4503-42DC-A15A-97D8CB675F5D}.Release|Any CPU.ActiveCfg = Release|Any CPU
		{C8B4CF45-4503-42DC-A15A-97D8CB675F5D}.Release|Any CPU.Build.0 = Release|Any CPU
	EndGlobalSection
	GlobalSection(SolutionProperties) = preSolution
		HideSolutionNode = FALSE
	EndGlobalSection
	GlobalSection(ExtensibilityGlobals) = postSolution
		SolutionGuid = {D55AF21A-EDFA-4EBA-8FF7-A6977C3E9727}
	EndGlobalSection
EndGlobal
