
Microsoft Visual Studio Solution File, Format Version 12.00
# Visual Studio 15
VisualStudioVersion = 15.0.34320.172
MinimumVisualStudioVersion = 10.0.40219.1
Project("{FAE04EC0-301F-11D3-BF4B-00C04F79EFBC}") = "Lab14.1", "Lab14.1\Lab14.1.csproj", "{D269DC12-04E5-4131-8BF1-A06D4AD82289}"
EndProject
Global
	GlobalSection(SolutionConfigurationPlatforms) = preSolution
		Debug|Any CPU = Debug|Any CPU
		Release|Any CPU = Release|Any CPU
	EndGlobalSection
	GlobalSection(ProjectConfigurationPlatforms) = postSolution
		{D269DC12-04E5-4131-8BF1-A06D4AD82289}.Debug|Any CPU.ActiveCfg = Debug|Any CPU
		{D269DC12-04E5-4131-8BF1-A06D4AD82289}.Debug|Any CPU.Build.0 = Debug|Any CPU
		{D269DC12-04E5-4131-8BF1-A06D4AD82289}.Release|Any CPU.ActiveCfg = Release|Any CPU
		{D269DC12-04E5-4131-8BF1-A06D4AD82289}.Release|Any CPU.Build.0 = Release|Any CPU
	EndGlobalSection
	GlobalSection(SolutionProperties) = preSolution
		HideSolutionNode = FALSE
	EndGlobalSection
	GlobalSection(ExtensibilityGlobals) = postSolution
		SolutionGuid = {F170FC9A-54FC-4CAF-9806-770E1AEB3EF5}
	EndGlobalSection
EndGlobal
