
Microsoft Visual Studio Solution File, Format Version 12.00
# Visual Studio 15
VisualStudioVersion = 15.0.34320.172
MinimumVisualStudioVersion = 10.0.40219.1
Project("{FAE04EC0-301F-11D3-BF4B-00C04F79EFBC}") = "Lab22", "Lab22\Lab22.csproj", "{368880AA-583D-4F9A-AE04-F4A9DD451DB2}"
EndProject
Global
	GlobalSection(SolutionConfigurationPlatforms) = preSolution
		Debug|Any CPU = Debug|Any CPU
		Release|Any CPU = Release|Any CPU
	EndGlobalSection
	GlobalSection(ProjectConfigurationPlatforms) = postSolution
		{368880AA-583D-4F9A-AE04-F4A9DD451DB2}.Debug|Any CPU.ActiveCfg = Debug|Any CPU
		{368880AA-583D-4F9A-AE04-F4A9DD451DB2}.Debug|Any CPU.Build.0 = Debug|Any CPU
		{368880AA-583D-4F9A-AE04-F4A9DD451DB2}.Release|Any CPU.ActiveCfg = Release|Any CPU
		{368880AA-583D-4F9A-AE04-F4A9DD451DB2}.Release|Any CPU.Build.0 = Release|Any CPU
	EndGlobalSection
	GlobalSection(SolutionProperties) = preSolution
		HideSolutionNode = FALSE
	EndGlobalSection
	GlobalSection(ExtensibilityGlobals) = postSolution
		SolutionGuid = {6998A2C7-2EA3-4BB1-8C1D-47ACBED7BBEF}
	EndGlobalSection
EndGlobal
