
Microsoft Visual Studio Solution File, Format Version 12.00
# Visual Studio 15
VisualStudioVersion = 15.0.34320.172
MinimumVisualStudioVersion = 10.0.40219.1
Project("{FAE04EC0-301F-11D3-BF4B-00C04F79EFBC}") = "Lab20", "Lab20\Lab20.csproj", "{E9DA6341-DCCE-4654-AF00-F153BCBC32C4}"
EndProject
Global
	GlobalSection(SolutionConfigurationPlatforms) = preSolution
		Debug|Any CPU = Debug|Any CPU
		Release|Any CPU = Release|Any CPU
	EndGlobalSection
	GlobalSection(ProjectConfigurationPlatforms) = postSolution
		{E9DA6341-DCCE-4654-AF00-F153BCBC32C4}.Debug|Any CPU.ActiveCfg = Debug|Any CPU
		{E9DA6341-DCCE-4654-AF00-F153BCBC32C4}.Debug|Any CPU.Build.0 = Debug|Any CPU
		{E9DA6341-DCCE-4654-AF00-F153BCBC32C4}.Release|Any CPU.ActiveCfg = Release|Any CPU
		{E9DA6341-DCCE-4654-AF00-F153BCBC32C4}.Release|Any CPU.Build.0 = Release|Any CPU
	EndGlobalSection
	GlobalSection(SolutionProperties) = preSolution
		HideSolutionNode = FALSE
	EndGlobalSection
	GlobalSection(ExtensibilityGlobals) = postSolution
		SolutionGuid = {29B4F1D0-33B7-4F5B-B78E-F4CDCB97974D}
	EndGlobalSection
EndGlobal
