
Microsoft Visual Studio Solution File, Format Version 12.00
# Visual Studio 15
VisualStudioVersion = 15.0.34320.172
MinimumVisualStudioVersion = 10.0.40219.1
Project("{FAE04EC0-301F-11D3-BF4B-00C04F79EFBC}") = "Lab31", "Lab31\Lab31.csproj", "{47CF1976-FF38-432C-BD94-B36B04354ED0}"
EndProject
Global
	GlobalSection(SolutionConfigurationPlatforms) = preSolution
		Debug|Any CPU = Debug|Any CPU
		Release|Any CPU = Release|Any CPU
	EndGlobalSection
	GlobalSection(ProjectConfigurationPlatforms) = postSolution
		{47CF1976-FF38-432C-BD94-B36B04354ED0}.Debug|Any CPU.ActiveCfg = Debug|Any CPU
		{47CF1976-FF38-432C-BD94-B36B04354ED0}.Debug|Any CPU.Build.0 = Debug|Any CPU
		{47CF1976-FF38-432C-BD94-B36B04354ED0}.Release|Any CPU.ActiveCfg = Release|Any CPU
		{47CF1976-FF38-432C-BD94-B36B04354ED0}.Release|Any CPU.Build.0 = Release|Any CPU
	EndGlobalSection
	GlobalSection(SolutionProperties) = preSolution
		HideSolutionNode = FALSE
	EndGlobalSection
	GlobalSection(ExtensibilityGlobals) = postSolution
		SolutionGuid = {3CCD4A71-1498-4E3D-B762-DF704234EE96}
	EndGlobalSection
EndGlobal
